
Microsoft Visual Studio Solution File, Format Version 12.00
# Visual Studio Version 17
VisualStudioVersion = 17.13.35913.81 d17.13
MinimumVisualStudioVersion = 10.0.40219.1
Project("{FAE04EC0-301F-11D3-BF4B-00C04F79EFBC}") = "FutbolEj", "FutbolEj\FutbolEj.csproj", "{38195060-5CAC-4795-B7A9-FE1E4F7ABA02}"
EndProject
Global
	GlobalSection(SolutionConfigurationPlatforms) = preSolution
		Debug|Any CPU = Debug|Any CPU
		Release|Any CPU = Release|Any CPU
	EndGlobalSection
	GlobalSection(ProjectConfigurationPlatforms) = postSolution
		{38195060-5CAC-4795-B7A9-FE1E4F7ABA02}.Debug|Any CPU.ActiveCfg = Debug|Any CPU
		{38195060-5CAC-4795-B7A9-FE1E4F7ABA02}.Debug|Any CPU.Build.0 = Debug|Any CPU
		{38195060-5CAC-4795-B7A9-FE1E4F7ABA02}.Release|Any CPU.ActiveCfg = Release|Any CPU
		{38195060-5CAC-4795-B7A9-FE1E4F7ABA02}.Release|Any CPU.Build.0 = Release|Any CPU
	EndGlobalSection
	GlobalSection(SolutionProperties) = preSolution
		HideSolutionNode = FALSE
	EndGlobalSection
	GlobalSection(ExtensibilityGlobals) = postSolution
		SolutionGuid = {53473543-A251-4CC9-BC0F-047A90FF5982}
	EndGlobalSection
EndGlobal
